
Microsoft Visual Studio Solution File, Format Version 12.00
# Visual Studio Version 17
VisualStudioVersion = 17.14.37111.16 d17.14
MinimumVisualStudioVersion = 10.0.40219.1
Project("{FAE04EC0-301F-11D3-BF4B-00C04F79EFBC}") = "Lista2_3", "Lista2_3.csproj", "{1A199ADD-C807-47A2-90A2-1A59EF0B0726}"
EndProject
Global
	GlobalSection(SolutionConfigurationPlatforms) = preSolution
		Debug|Any CPU = Debug|Any CPU
		Release|Any CPU = Release|Any CPU
	EndGlobalSection
	GlobalSection(ProjectConfigurationPlatforms) = postSolution
		{1A199ADD-C807-47A2-90A2-1A59EF0B0726}.Debug|Any CPU.ActiveCfg = Debug|Any CPU
		{1A199ADD-C807-47A2-90A2-1A59EF0B0726}.Debug|Any CPU.Build.0 = Debug|Any CPU
		{1A199ADD-C807-47A2-90A2-1A59EF0B0726}.Release|Any CPU.ActiveCfg = Release|Any CPU
		{1A199ADD-C807-47A2-90A2-1A59EF0B0726}.Release|Any CPU.Build.0 = Release|Any CPU
	EndGlobalSection
	GlobalSection(SolutionProperties) = preSolution
		HideSolutionNode = FALSE
	EndGlobalSection
	GlobalSection(ExtensibilityGlobals) = postSolution
		SolutionGuid = {41DCDCE3-A326-4087-A547-8BA5C86EB49E}
	EndGlobalSection
EndGlobal
