
Microsoft Visual Studio Solution File, Format Version 12.00
# Visual Studio Version 17
VisualStudioVersion = 17.14.37111.16 d17.14
MinimumVisualStudioVersion = 10.0.40219.1
Project("{FAE04EC0-301F-11D3-BF4B-00C04F79EFBC}") = "Lista2_7", "Lista2_7.csproj", "{29874D94-E29A-4B83-B673-AD91E8B693F1}"
EndProject
Global
	GlobalSection(SolutionConfigurationPlatforms) = preSolution
		Debug|Any CPU = Debug|Any CPU
		Release|Any CPU = Release|Any CPU
	EndGlobalSection
	GlobalSection(ProjectConfigurationPlatforms) = postSolution
		{29874D94-E29A-4B83-B673-AD91E8B693F1}.Debug|Any CPU.ActiveCfg = Debug|Any CPU
		{29874D94-E29A-4B83-B673-AD91E8B693F1}.Debug|Any CPU.Build.0 = Debug|Any CPU
		{29874D94-E29A-4B83-B673-AD91E8B693F1}.Release|Any CPU.ActiveCfg = Release|Any CPU
		{29874D94-E29A-4B83-B673-AD91E8B693F1}.Release|Any CPU.Build.0 = Release|Any CPU
	EndGlobalSection
	GlobalSection(SolutionProperties) = preSolution
		HideSolutionNode = FALSE
	EndGlobalSection
	GlobalSection(ExtensibilityGlobals) = postSolution
		SolutionGuid = {9A1466EF-9FD5-4F31-8DD1-BABD1E51A665}
	EndGlobalSection
EndGlobal
