
Microsoft Visual Studio Solution File, Format Version 12.00
# Visual Studio Version 17
VisualStudioVersion = 17.14.37111.16 d17.14
MinimumVisualStudioVersion = 10.0.40219.1
Project("{FAE04EC0-301F-11D3-BF4B-00C04F79EFBC}") = "Lista2_2", "Lista2_2.csproj", "{DB44678E-F725-4383-B005-409B14F8E107}"
EndProject
Global
	GlobalSection(SolutionConfigurationPlatforms) = preSolution
		Debug|Any CPU = Debug|Any CPU
		Release|Any CPU = Release|Any CPU
	EndGlobalSection
	GlobalSection(ProjectConfigurationPlatforms) = postSolution
		{DB44678E-F725-4383-B005-409B14F8E107}.Debug|Any CPU.ActiveCfg = Debug|Any CPU
		{DB44678E-F725-4383-B005-409B14F8E107}.Debug|Any CPU.Build.0 = Debug|Any CPU
		{DB44678E-F725-4383-B005-409B14F8E107}.Release|Any CPU.ActiveCfg = Release|Any CPU
		{DB44678E-F725-4383-B005-409B14F8E107}.Release|Any CPU.Build.0 = Release|Any CPU
	EndGlobalSection
	GlobalSection(SolutionProperties) = preSolution
		HideSolutionNode = FALSE
	EndGlobalSection
	GlobalSection(ExtensibilityGlobals) = postSolution
		SolutionGuid = {1E27D76D-9DD0-4F86-9289-DBC1CF77249D}
	EndGlobalSection
EndGlobal
