
Microsoft Visual Studio Solution File, Format Version 12.00
# Visual Studio Version 17
VisualStudioVersion = 17.14.37111.16 d17.14
MinimumVisualStudioVersion = 10.0.40219.1
Project("{FAE04EC0-301F-11D3-BF4B-00C04F79EFBC}") = "Lista2_11", "Lista2_11.csproj", "{2EEC6563-670B-4FC4-92A6-D5ED54AA71AF}"
EndProject
Global
	GlobalSection(SolutionConfigurationPlatforms) = preSolution
		Debug|Any CPU = Debug|Any CPU
		Release|Any CPU = Release|Any CPU
	EndGlobalSection
	GlobalSection(ProjectConfigurationPlatforms) = postSolution
		{2EEC6563-670B-4FC4-92A6-D5ED54AA71AF}.Debug|Any CPU.ActiveCfg = Debug|Any CPU
		{2EEC6563-670B-4FC4-92A6-D5ED54AA71AF}.Debug|Any CPU.Build.0 = Debug|Any CPU
		{2EEC6563-670B-4FC4-92A6-D5ED54AA71AF}.Release|Any CPU.ActiveCfg = Release|Any CPU
		{2EEC6563-670B-4FC4-92A6-D5ED54AA71AF}.Release|Any CPU.Build.0 = Release|Any CPU
	EndGlobalSection
	GlobalSection(SolutionProperties) = preSolution
		HideSolutionNode = FALSE
	EndGlobalSection
	GlobalSection(ExtensibilityGlobals) = postSolution
		SolutionGuid = {B38A717F-B3BB-450C-B34F-65FC708F4C3F}
	EndGlobalSection
EndGlobal
