
Microsoft Visual Studio Solution File, Format Version 12.00
# Visual Studio Version 17
VisualStudioVersion = 17.14.37111.16 d17.14
MinimumVisualStudioVersion = 10.0.40219.1
Project("{FAE04EC0-301F-11D3-BF4B-00C04F79EFBC}") = "Lista2_8", "Lista2_8.csproj", "{37007797-8310-4D2E-9A69-245CB6175FDF}"
EndProject
Global
	GlobalSection(SolutionConfigurationPlatforms) = preSolution
		Debug|Any CPU = Debug|Any CPU
		Release|Any CPU = Release|Any CPU
	EndGlobalSection
	GlobalSection(ProjectConfigurationPlatforms) = postSolution
		{37007797-8310-4D2E-9A69-245CB6175FDF}.Debug|Any CPU.ActiveCfg = Debug|Any CPU
		{37007797-8310-4D2E-9A69-245CB6175FDF}.Debug|Any CPU.Build.0 = Debug|Any CPU
		{37007797-8310-4D2E-9A69-245CB6175FDF}.Release|Any CPU.ActiveCfg = Release|Any CPU
		{37007797-8310-4D2E-9A69-245CB6175FDF}.Release|Any CPU.Build.0 = Release|Any CPU
	EndGlobalSection
	GlobalSection(SolutionProperties) = preSolution
		HideSolutionNode = FALSE
	EndGlobalSection
	GlobalSection(ExtensibilityGlobals) = postSolution
		SolutionGuid = {8E92669B-AE70-4BED-8470-0D3B120EACA5}
	EndGlobalSection
EndGlobal
